
Microsoft Visual Studio Solution File, Format Version 12.00
# Visual Studio Version 17
VisualStudioVersion = 17.2.32616.157
MinimumVisualStudioVersion = 10.0.40219.1
Project("{FAE04EC0-301F-11D3-BF4B-00C04F79EFBC}") = "Gateway", "Gateway\Gateway.csproj", "{47697FF3-EFAB-4380-958E-D6784A69AEED}"
EndProject
Global
	GlobalSection(SolutionConfigurationPlatforms) = preSolution
		Debug|Any CPU = Debug|Any CPU
		Release|Any CPU = Release|Any CPU
	EndGlobalSection
	GlobalSection(ProjectConfigurationPlatforms) = postSolution
		{47697FF3-EFAB-4380-958E-D6784A69AEED}.Debug|Any CPU.ActiveCfg = Debug|Any CPU
		{47697FF3-EFAB-4380-958E-D6784A69AEED}.Debug|Any CPU.Build.0 = Debug|Any CPU
		{47697FF3-EFAB-4380-958E-D6784A69AEED}.Release|Any CPU.ActiveCfg = Release|Any CPU
		{47697FF3-EFAB-4380-958E-D6784A69AEED}.Release|Any CPU.Build.0 = Release|Any CPU
	EndGlobalSection
	GlobalSection(SolutionProperties) = preSolution
		HideSolutionNode = FALSE
	EndGlobalSection
	GlobalSection(ExtensibilityGlobals) = postSolution
		SolutionGuid = {9299EBA1-46FD-49CF-834D-0D05CC88B569}
	EndGlobalSection
EndGlobal
